// !$*UTF8*$!
{
	archiveVersion = 1;
	classes = {
	};
	objectVersion = 46;
	objects = {

/* Begin PBXBuildFile section */
		CA740FFE1736C785001030C4 /* UIKit.framework in Frameworks */ = {isa = PBXBuildFile; fileRef = CA740FFD1736C785001030C4 /* UIKit.framework */; };
		CA7410001736C785001030C4 /* Foundation.framework in Frameworks */ = {isa = PBXBuildFile; fileRef = CA740FFF1736C785001030C4 /* Foundation.framework */; };
		CA7410021736C785001030C4 /* CoreGraphics.framework in Frameworks */ = {isa = PBXBuildFile; fileRef = CA7410011736C785001030C4 /* CoreGraphics.framework */; };
		CA7410081736C785001030C4 /* InfoPlist.strings in Resources */ = {isa = PBXBuildFile; fileRef = CA7410061736C785001030C4 /* InfoPlist.strings */; };
		CA74100A1736C785001030C4 /* main.m in Sources */ = {isa = PBXBuildFile; fileRef = CA7410091736C785001030C4 /* main.m */; };
		CA74100E1736C785001030C4 /* AppDelegate.m in Sources */ = {isa = PBXBuildFile; fileRef = CA74100D1736C785001030C4 /* AppDelegate.m */; };
		CA7410101736C785001030C4 /* Default.png in Resources */ = {isa = PBXBuildFile; fileRef = CA74100F1736C785001030C4 /* Default.png */; };
		CA7410121736C785001030C4 /* Default@2x.png in Resources */ = {isa = PBXBuildFile; fileRef = CA7410111736C785001030C4 /* Default@2x.png */; };
		CA7410141736C786001030C4 /* Default-568h@2x.png in Resources */ = {isa = PBXBuildFile; fileRef = CA7410131736C785001030C4 /* Default-568h@2x.png */; };
		CA7410171736C786001030C4 /* MainStoryboard_iPhone.storyboard in Resources */ = {isa = PBXBuildFile; fileRef = CA7410151736C786001030C4 /* MainStoryboard_iPhone.storyboard */; };
		CA74101A1736C786001030C4 /* MainStoryboard_iPad.storyboard in Resources */ = {isa = PBXBuildFile; fileRef = CA7410181736C786001030C4 /* MainStoryboard_iPad.storyboard */; };
		CA74101D1736C786001030C4 /* ViewController.m in Sources */ = {isa = PBXBuildFile; fileRef = CA74101C1736C786001030C4 /* ViewController.m */; };
/* End PBXBuildFile section */

/* Begin PBXFileReference section */
		CA740FF91736C785001030C4 /* whereismycar.app */ = {isa = PBXFileReference; explicitFileType = wrapper.application; includeInIndex = 0; path = whereismycar.app; sourceTree = BUILT_PRODUCTS_DIR; };
		CA740FFD1736C785001030C4 /* UIKit.framework */ = {isa = PBXFileReference; lastKnownFileType = wrapper.framework; name = UIKit.framework; path = System/Library/Frameworks/UIKit.framework; sourceTree = SDKROOT; };
		CA740FFF1736C785001030C4 /* Foundation.framework */ = {isa = PBXFileReference; lastKnownFileType = wrapper.framework; name = Foundation.framework; path = System/Library/Frameworks/Foundation.framework; sourceTree = SDKROOT; };
		CA7410011736C785001030C4 /* CoreGraphics.framework */ = {isa = PBXFileReference; lastKnownFileType = wrapper.framework; name = CoreGraphics.framework; path = System/Library/Frameworks/CoreGraphics.framework; sourceTree = SDKROOT; };
		CA7410051736C785001030C4 /* whereismycar-Info.plist */ = {isa = PBXFileReference; lastKnownFileType = text.plist.xml; path = "whereismycar-Info.plist"; sourceTree = "<group>"; };
		CA7410071736C785001030C4 /* en */ = {isa = PBXFileReference; lastKnownFileType = text.plist.strings; name = en; path = en.lproj/InfoPlist.strings; sourceTree = "<group>"; };
		CA7410091736C785001030C4 /* main.m */ = {isa = PBXFileReference; lastKnownFileType = sourcecode.c.objc; path = main.m; sourceTree = "<group>"; };
		CA74100B1736C785001030C4 /* whereismycar-Prefix.pch */ = {isa = PBXFileReference; lastKnownFileType = sourcecode.c.h; path = "whereismycar-Prefix.pch"; sourceTree = "<group>"; };
		CA74100C1736C785001030C4 /* AppDelegate.h */ = {isa = PBXFileReference; lastKnownFileType = sourcecode.c.h; path = AppDelegate.h; sourceTree = "<group>"; };
		CA74100D1736C785001030C4 /* AppDelegate.m */ = {isa = PBXFileReference; lastKnownFileType = sourcecode.c.objc; path = AppDelegate.m; sourceTree = "<group>"; };
		CA74100F1736C785001030C4 /* Default.png */ = {isa = PBXFileReference; lastKnownFileType = image.png; path = Default.png; sourceTree = "<group>"; };
		CA7410111736C785001030C4 /* Default@2x.png */ = {isa = PBXFileReference; lastKnownFileType = image.png; path = "Default@2x.png"; sourceTree = "<group>"; };
		CA7410131736C785001030C4 /* Default-568h@2x.png */ = {isa = PBXFileReference; lastKnownFileType = image.png; path = "Default-568h@2x.png"; sourceTree = "<group>"; };
		CA7410161736C786001030C4 /* en */ = {isa = PBXFileReference; lastKnownFileType = file.storyboard; name = en; path = en.lproj/MainStoryboard_iPhone.storyboard; sourceTree = "<group>"; };
		CA7410191736C786001030C4 /* en */ = {isa = PBXFileReference; lastKnownFileType = file.storyboard; name = en; path = en.lproj/MainStoryboard_iPad.storyboard; sourceTree = "<group>"; };
		CA74101B1736C786001030C4 /* ViewController.h */ = {isa = PBXFileReference; lastKnownFileType = sourcecode.c.h; path = ViewController.h; sourceTree = "<group>"; };
		CA74101C1736C786001030C4 /* ViewController.m */ = {isa = PBXFileReference; lastKnownFileType = sourcecode.c.objc; path = ViewController.m; sourceTree = "<group>"; };
/* End PBXFileReference section */

/* Begin PBXFrameworksBuildPhase section */
		CA740FF61736C785001030C4 /* Frameworks */ = {
			isa = PBXFrameworksBuildPhase;
			buildActionMask = 2147483647;
			files = (
				CA740FFE1736C785001030C4 /* UIKit.framework in Frameworks */,
				CA7410001736C785001030C4 /* Foundation.framework in Frameworks */,
				CA7410021736C785001030C4 /* CoreGraphics.framework in Frameworks */,
			);
			runOnlyForDeploymentPostprocessing = 0;
		};
/* End PBXFrameworksBuildPhase section */

/* Begin PBXGroup section */
		CA740FEE1736C785001030C4 = {
			isa = PBXGroup;
			children = (
				CA7410031736C785001030C4 /* whereismycar */,
				CA740FFC1736C785001030C4 /* Frameworks */,
				CA740FFA1736C785001030C4 /* Products */,
			);
			sourceTree = "<group>";
		};
		CA740FFA1736C785001030C4 /* Products */ = {
			isa = PBXGroup;
			children = (
				CA740FF91736C785001030C4 /* whereismycar.app */,
			);
			name = Products;
			sourceTree = "<group>";
		};
		CA740FFC1736C785001030C4 /* Frameworks */ = {
			isa = PBXGroup;
			children = (
				CA740FFD1736C785001030C4 /* UIKit.framework */,
				CA740FFF1736C785001030C4 /* Foundation.framework */,
				CA7410011736C785001030C4 /* CoreGraphics.framework */,
			);
			name = Frameworks;
			sourceTree = "<group>";
		};
		CA7410031736C785001030C4 /* whereismycar */ = {
			isa = PBXGroup;
			children = (
				CA74100C1736C785001030C4 /* AppDelegate.h */,
				CA74100D1736C785001030C4 /* AppDelegate.m */,
				CA7410151736C786001030C4 /* MainStoryboard_iPhone.storyboard */,
				CA7410181736C786001030C4 /* MainStoryboard_iPad.storyboard */,
				CA74101B1736C786001030C4 /* ViewController.h */,
				CA74101C1736C786001030C4 /* ViewController.m */,
				CA7410041736C785001030C4 /* Supporting Files */,
			);
			path = whereismycar;
			sourceTree = "<group>";
		};
		CA7410041736C785001030C4 /* Supporting Files */ = {
			isa = PBXGroup;
			children = (
				CA7410051736C785001030C4 /* whereismycar-Info.plist */,
				CA7410061736C785001030C4 /* InfoPlist.strings */,
				CA7410091736C785001030C4 /* main.m */,
				CA74100B1736C785001030C4 /* whereismycar-Prefix.pch */,
				CA74100F1736C785001030C4 /* Default.png */,
				CA7410111736C785001030C4 /* Default@2x.png */,
				CA7410131736C785001030C4 /* Default-568h@2x.png */,
			);
			name = "Supporting Files";
			sourceTree = "<group>";
		};
/* End PBXGroup section */

/* Begin PBXNativeTarget section */
		CA740FF81736C785001030C4 /* whereismycar */ = {
			isa = PBXNativeTarget;
			buildConfigurationList = CA7410201736C786001030C4 /* Build configuration list for PBXNativeTarget "whereismycar" */;
			buildPhases = (
				CA740FF51736C785001030C4 /* Sources */,
				CA740FF61736C785001030C4 /* Frameworks */,
				CA740FF71736C785001030C4 /* Resources */,
			);
			buildRules = (
			);
			dependencies = (
			);
			name = whereismycar;
			productName = whereismycar;
			productReference = CA740FF91736C785001030C4 /* whereismycar.app */;
			productType = "com.apple.product-type.application";
		};
/* End PBXNativeTarget section */

/* Begin PBXProject section */
		CA740FF01736C785001030C4 /* Project object */ = {
			isa = PBXProject;
			attributes = {
				LastUpgradeCheck = 0450;
				ORGANIZATIONNAME = "Francisco Buitrago Pavon";
			};
			buildConfigurationList = CA740FF31736C785001030C4 /* Build configuration list for PBXProject "whereismycar" */;
			compatibilityVersion = "Xcode 3.2";
			developmentRegion = English;
			hasScannedForEncodings = 0;
			knownRegions = (
				en,
			);
			mainGroup = CA740FEE1736C785001030C4;
			productRefGroup = CA740FFA1736C785001030C4 /* Products */;
			projectDirPath = "";
			projectRoot = "";
			targets = (
				CA740FF81736C785001030C4 /* whereismycar */,
			);
		};
/* End PBXProject section */

/* Begin PBXResourcesBuildPhase section */
		CA740FF71736C785001030C4 /* Resources */ = {
			isa = PBXResourcesBuildPhase;
			buildActionMask = 2147483647;
			files = (
				CA7410081736C785001030C4 /* InfoPlist.strings in Resources */,
				CA7410101736C785001030C4 /* Default.png in Resources */,
				CA7410121736C785001030C4 /* Default@2x.png in Resources */,
				CA7410141736C786001030C4 /* Default-568h@2x.png in Resources */,
				CA7410171736C786001030C4 /* MainStoryboard_iPhone.storyboard in Resources */,
				CA74101A1736C786001030C4 /* MainStoryboard_iPad.storyboard in Resources */,
			);
			runOnlyForDeploymentPostprocessing = 0;
		};
/* End PBXResourcesBuildPhase section */

/* Begin PBXSourcesBuildPhase section */
		CA740FF51736C785001030C4 /* Sources */ = {
			isa = PBXSourcesBuildPhase;
			buildActionMask = 2147483647;
			files = (
				CA74100A1736C785001030C4 /* main.m in Sources */,
				CA74100E1736C785001030C4 /* AppDelegate.m in Sources */,
				CA74101D1736C786001030C4 /* ViewController.m in Sources */,
			);
			runOnlyForDeploymentPostprocessing = 0;
		};
/* End PBXSourcesBuildPhase section */

/* Begin PBXVariantGroup section */
		CA7410061736C785001030C4 /* InfoPlist.strings */ = {
			isa = PBXVariantGroup;
			children = (
				CA7410071736C785001030C4 /* en */,
			);
			name = InfoPlist.strings;
			sourceTree = "<group>";
		};
		CA7410151736C786001030C4 /* MainStoryboard_iPhone.storyboard */ = {
			isa = PBXVariantGroup;
			children = (
				CA7410161736C786001030C4 /* en */,
			);
			name = MainStoryboard_iPhone.storyboard;
			sourceTree = "<group>";
		};
		CA7410181736C786001030C4 /* MainStoryboard_iPad.storyboard */ = {
			isa = PBXVariantGroup;
			children = (
				CA7410191736C786001030C4 /* en */,
			);
			name = MainStoryboard_iPad.storyboard;
			sourceTree = "<group>";
		};
/* End PBXVariantGroup section */

/* Begin XCBuildConfiguration section */
		CA74101E1736C786001030C4 /* Debug */ = {
			isa = XCBuildConfiguration;
			buildSettings = {
				ALWAYS_SEARCH_USER_PATHS = NO;
				CLANG_CXX_LANGUAGE_STANDARD = "gnu++0x";
				CLANG_CXX_LIBRARY = "libc++";
				CLANG_ENABLE_OBJC_ARC = YES;
				CLANG_WARN_EMPTY_BODY = YES;
				CLANG_WARN__DUPLICATE_METHOD_MATCH = YES;
				"CODE_SIGN_IDENTITY[sdk=iphoneos*]" = "iPhone Developer";
				COPY_PHASE_STRIP = NO;
				GCC_C_LANGUAGE_STANDARD = gnu99;
				GCC_DYNAMIC_NO_PIC = NO;
				GCC_OPTIMIZATION_LEVEL = 0;
				GCC_PREPROCESSOR_DEFINITIONS = (
					"DEBUG=1",
					"$(inherited)",
				);
				GCC_SYMBOLS_PRIVATE_EXTERN = NO;
				GCC_WARN_ABOUT_RETURN_TYPE = YES;
				GCC_WARN_UNINITIALIZED_AUTOS = YES;
				GCC_WARN_UNUSED_VARIABLE = YES;
				IPHONEOS_DEPLOYMENT_TARGET = 6.0;
				ONLY_ACTIVE_ARCH = YES;
				SDKROOT = iphoneos;
				TARGETED_DEVICE_FAMILY = "1,2";
			};
			name = Debug;
		};
		CA74101F1736C786001030C4 /* Release */ = {
			isa = XCBuildConfiguration;
			buildSettings = {
				ALWAYS_SEARCH_USER_PATHS = NO;
				CLANG_CXX_LANGUAGE_STANDARD = "gnu++0x";
				CLANG_CXX_LIBRARY = "libc++";
				CLANG_ENABLE_OBJC_ARC = YES;
				CLANG_WARN_EMPTY_BODY = YES;
				CLANG_WARN__DUPLICATE_METHOD_MATCH = YES;
				"CODE_SIGN_IDENTITY[sdk=iphoneos*]" = "iPhone Developer";
				COPY_PHASE_STRIP = YES;
				GCC_C_LANGUAGE_STANDARD = gnu99;
				GCC_WARN_ABOUT_RETURN_TYPE = YES;
				GCC_WARN_UNINITIALIZED_AUTOS = YES;
				GCC_WARN_UNUSED_VARIABLE = YES;
				IPHONEOS_DEPLOYMENT_TARGET = 6.0;
				OTHER_CFLAGS = "-DNS_BLOCK_ASSERTIONS=1";
				SDKROOT = iphoneos;
				TARGETED_DEVICE_FAMILY = "1,2";
				VALIDATE_PRODUCT = YES;
			};
			name = Release;
		};
		CA7410211736C786001030C4 /* Debug */ = {
			isa = XCBuildConfiguration;
			buildSettings = {
				GCC_PRECOMPILE_PREFIX_HEADER = YES;
				GCC_PREFIX_HEADER = "whereismycar/whereismycar-Prefix.pch";
				INFOPLIST_FILE = "whereismycar/whereismycar-Info.plist";
				PRODUCT_NAME = "$(TARGET_NAME)";
				WRAPPER_EXTENSION = app;
			};
			name = Debug;
		};
		CA7410221736C786001030C4 /* Release */ = {
			isa = XCBuildConfiguration;
			buildSettings = {
				GCC_PRECOMPILE_PREFIX_HEADER = YES;
				GCC_PREFIX_HEADER = "whereismycar/whereismycar-Prefix.pch";
				INFOPLIST_FILE = "whereismycar/whereismycar-Info.plist";
				PRODUCT_NAME = "$(TARGET_NAME)";
				WRAPPER_EXTENSION = app;
			};
			name = Release;
		};
/* End XCBuildConfiguration section */

/* Begin XCConfigurationList section */
		CA740FF31736C785001030C4 /* Build configuration list for PBXProject "whereismycar" */ = {
			isa = XCConfigurationList;
			buildConfigurations = (
				CA74101E1736C786001030C4 /* Debug */,
				CA74101F1736C786001030C4 /* Release */,
			);
			defaultConfigurationIsVisible = 0;
			defaultConfigurationName = Release;
		};
		CA7410201736C786001030C4 /* Build configuration list for PBXNativeTarget "whereismycar" */ = {
			isa = XCConfigurationList;
			buildConfigurations = (
				CA7410211736C786001030C4 /* Debug */,
				CA7410221736C786001030C4 /* Release */,
			);
			defaultConfigurationIsVisible = 0;
		};
/* End XCConfigurationList section */
	};
	rootObject = CA740FF01736C785001030C4 /* Project object */;
}
